
Microsoft Visual Studio Solution File, Format Version 12.00
# Visual Studio Version 16
VisualStudioVersion = 16.0.31613.86
MinimumVisualStudioVersion = 10.0.40219.1
Project("{9A19103F-16F7-4668-BE54-9A1E7A4F7556}") = "katon_example.Test", "katon_example.Test\katon_example.Test.csproj", "{B73BF901-0858-44DF-A285-437D688F4559}"
EndProject
Project("{9A19103F-16F7-4668-BE54-9A1E7A4F7556}") = "katon_example.Web", "katon_example.Web\katon_example.Web.csproj", "{5D0E3F3C-84A7-4116-81D0-5480660EAC17}"
EndProject
Project("{9A19103F-16F7-4668-BE54-9A1E7A4F7556}") = "katon_example.Core", "katon_example.Core\katon_example.Core.csproj", "{21659E70-7430-41F9-BC76-49DA5711B081}"
EndProject
Project("{FAE04EC0-301F-11D3-BF4B-00C04F79EFBC}") = "katon_example.UWP", "katon_example.UWP\katon_example.UWP.csproj", "{2EBFDAA2-429F-42AA-952A-3125221DB9B1}"
EndProject
Project("{FAE04EC0-301F-11D3-BF4B-00C04F79EFBC}") = "katon_example.Form.UWP", "katon_example.Form\katon_example.Form.UWP\katon_example.Form.UWP.csproj", "{733F5EFB-47F6-4802-9565-4C407EBE45ED}"
EndProject
Project("{FAE04EC0-301F-11D3-BF4B-00C04F79EFBC}") = "katon_example.Form.Android", "katon_example.Form\katon_example.Form.Android\katon_example.Form.Android.csproj", "{DA3186BE-DE4C-4A3B-974B-25DC114247D8}"
EndProject
Project("{FAE04EC0-301F-11D3-BF4B-00C04F79EFBC}") = "katon_example.Form.iOS", "katon_example.Form\katon_example.Form.iOS\katon_example.Form.iOS.csproj", "{8D96F86D-9E04-46A2-9B65-B55CD6CD63E5}"
EndProject
Project("{9A19103F-16F7-4668-BE54-9A1E7A4F7556}") = "katon_example.Form", "katon_example.Form\katon_example.Form\katon_example.Form.csproj", "{FD0C880D-2503-473B-9BE3-097F44E528E4}"
EndProject
Global
	GlobalSection(SolutionConfigurationPlatforms) = preSolution
		Debug|Any CPU = Debug|Any CPU
		Debug|ARM = Debug|ARM
		Debug|ARM64 = Debug|ARM64
		Debug|iPhone = Debug|iPhone
		Debug|iPhoneSimulator = Debug|iPhoneSimulator
		Debug|x64 = Debug|x64
		Debug|x86 = Debug|x86
		Release|Any CPU = Release|Any CPU
		Release|ARM = Release|ARM
		Release|ARM64 = Release|ARM64
		Release|iPhone = Release|iPhone
		Release|iPhoneSimulator = Release|iPhoneSimulator
		Release|x64 = Release|x64
		Release|x86 = Release|x86
	EndGlobalSection
	GlobalSection(ProjectConfigurationPlatforms) = postSolution
		{B73BF901-0858-44DF-A285-437D688F4559}.Debug|Any CPU.ActiveCfg = Debug|Any CPU
		{B73BF901-0858-44DF-A285-437D688F4559}.Debug|Any CPU.Build.0 = Debug|Any CPU
		{B73BF901-0858-44DF-A285-437D688F4559}.Debug|ARM.ActiveCfg = Debug|Any CPU
		{B73BF901-0858-44DF-A285-437D688F4559}.Debug|ARM.Build.0 = Debug|Any CPU
		{B73BF901-0858-44DF-A285-437D688F4559}.Debug|ARM64.ActiveCfg = Debug|Any CPU
		{B73BF901-0858-44DF-A285-437D688F4559}.Debug|ARM64.Build.0 = Debug|Any CPU
		{B73BF901-0858-44DF-A285-437D688F4559}.Debug|iPhone.ActiveCfg = Debug|Any CPU
		{B73BF901-0858-44DF-A285-437D688F4559}.Debug|iPhone.Build.0 = Debug|Any CPU
		{B73BF901-0858-44DF-A285-437D688F4559}.Debug|iPhoneSimulator.ActiveCfg = Debug|Any CPU
		{B73BF901-0858-44DF-A285-437D688F4559}.Debug|iPhoneSimulator.Build.0 = Debug|Any CPU
		{B73BF901-0858-44DF-A285-437D688F4559}.Debug|x64.ActiveCfg = Debug|Any CPU
		{B73BF901-0858-44DF-A285-437D688F4559}.Debug|x64.Build.0 = Debug|Any CPU
		{B73BF901-0858-44DF-A285-437D688F4559}.Debug|x86.ActiveCfg = Debug|Any CPU
		{B73BF901-0858-44DF-A285-437D688F4559}.Debug|x86.Build.0 = Debug|Any CPU
		{B73BF901-0858-44DF-A285-437D688F4559}.Release|Any CPU.ActiveCfg = Release|Any CPU
		{B73BF901-0858-44DF-A285-437D688F4559}.Release|Any CPU.Build.0 = Release|Any CPU
		{B73BF901-0858-44DF-A285-437D688F4559}.Release|ARM.ActiveCfg = Release|Any CPU
		{B73BF901-0858-44DF-A285-437D688F4559}.Release|ARM.Build.0 = Release|Any CPU
		{B73BF901-0858-44DF-A285-437D688F4559}.Release|ARM64.ActiveCfg = Release|Any CPU
		{B73BF901-0858-44DF-A285-437D688F4559}.Release|ARM64.Build.0 = Release|Any CPU
		{B73BF901-0858-44DF-A285-437D688F4559}.Release|iPhone.ActiveCfg = Release|Any CPU
		{B73BF901-0858-44DF-A285-437D688F4559}.Release|iPhone.Build.0 = Release|Any CPU
		{B73BF901-0858-44DF-A285-437D688F4559}.Release|iPhoneSimulator.ActiveCfg = Release|Any CPU
		{B73BF901-0858-44DF-A285-437D688F4559}.Release|iPhoneSimulator.Build.0 = Release|Any CPU
		{B73BF901-0858-44DF-A285-437D688F4559}.Release|x64.ActiveCfg = Release|Any CPU
		{B73BF901-0858-44DF-A285-437D688F4559}.Release|x64.Build.0 = Release|Any CPU
		{B73BF901-0858-44DF-A285-437D688F4559}.Release|x86.ActiveCfg = Release|Any CPU
		{B73BF901-0858-44DF-A285-437D688F4559}.Release|x86.Build.0 = Release|Any CPU
		{5D0E3F3C-84A7-4116-81D0-5480660EAC17}.Debug|Any CPU.ActiveCfg = Debug|Any CPU
		{5D0E3F3C-84A7-4116-81D0-5480660EAC17}.Debug|Any CPU.Build.0 = Debug|Any CPU
		{5D0E3F3C-84A7-4116-81D0-5480660EAC17}.Debug|ARM.ActiveCfg = Debug|Any CPU
		{5D0E3F3C-84A7-4116-81D0-5480660EAC17}.Debug|ARM.Build.0 = Debug|Any CPU
		{5D0E3F3C-84A7-4116-81D0-5480660EAC17}.Debug|ARM64.ActiveCfg = Debug|Any CPU
		{5D0E3F3C-84A7-4116-81D0-5480660EAC17}.Debug|ARM64.Build.0 = Debug|Any CPU
		{5D0E3F3C-84A7-4116-81D0-5480660EAC17}.Debug|iPhone.ActiveCfg = Debug|Any CPU
		{5D0E3F3C-84A7-4116-81D0-5480660EAC17}.Debug|iPhoneSimulator.ActiveCfg = Debug|Any CPU
		{5D0E3F3C-84A7-4116-81D0-5480660EAC17}.Debug|x64.ActiveCfg = Debug|Any CPU
		{5D0E3F3C-84A7-4116-81D0-5480660EAC17}.Debug|x64.Build.0 = Debug|Any CPU
		{5D0E3F3C-84A7-4116-81D0-5480660EAC17}.Debug|x86.ActiveCfg = Debug|Any CPU
		{5D0E3F3C-84A7-4116-81D0-5480660EAC17}.Debug|x86.Build.0 = Debug|Any CPU
		{5D0E3F3C-84A7-4116-81D0-5480660EAC17}.Release|Any CPU.ActiveCfg = Release|Any CPU
		{5D0E3F3C-84A7-4116-81D0-5480660EAC17}.Release|Any CPU.Build.0 = Release|Any CPU
		{5D0E3F3C-84A7-4116-81D0-5480660EAC17}.Release|ARM.ActiveCfg = Release|Any CPU
		{5D0E3F3C-84A7-4116-81D0-5480660EAC17}.Release|ARM.Build.0 = Release|Any CPU
		{5D0E3F3C-84A7-4116-81D0-5480660EAC17}.Release|ARM64.ActiveCfg = Release|Any CPU
		{5D0E3F3C-84A7-4116-81D0-5480660EAC17}.Release|ARM64.Build.0 = Release|Any CPU
		{5D0E3F3C-84A7-4116-81D0-5480660EAC17}.Release|iPhone.ActiveCfg = Release|Any CPU
		{5D0E3F3C-84A7-4116-81D0-5480660EAC17}.Release|iPhoneSimulator.ActiveCfg = Release|Any CPU
		{5D0E3F3C-84A7-4116-81D0-5480660EAC17}.Release|x64.ActiveCfg = Release|Any CPU
		{5D0E3F3C-84A7-4116-81D0-5480660EAC17}.Release|x64.Build.0 = Release|Any CPU
		{5D0E3F3C-84A7-4116-81D0-5480660EAC17}.Release|x86.ActiveCfg = Release|Any CPU
		{5D0E3F3C-84A7-4116-81D0-5480660EAC17}.Release|x86.Build.0 = Release|Any CPU
		{21659E70-7430-41F9-BC76-49DA5711B081}.Debug|Any CPU.ActiveCfg = Debug|Any CPU
		{21659E70-7430-41F9-BC76-49DA5711B081}.Debug|Any CPU.Build.0 = Debug|Any CPU
		{21659E70-7430-41F9-BC76-49DA5711B081}.Debug|ARM.ActiveCfg = Debug|Any CPU
		{21659E70-7430-41F9-BC76-49DA5711B081}.Debug|ARM.Build.0 = Debug|Any CPU
		{21659E70-7430-41F9-BC76-49DA5711B081}.Debug|ARM64.ActiveCfg = Debug|Any CPU
		{21659E70-7430-41F9-BC76-49DA5711B081}.Debug|ARM64.Build.0 = Debug|Any CPU
		{21659E70-7430-41F9-BC76-49DA5711B081}.Debug|iPhone.ActiveCfg = Debug|Any CPU
		{21659E70-7430-41F9-BC76-49DA5711B081}.Debug|iPhone.Build.0 = Debug|Any CPU
		{21659E70-7430-41F9-BC76-49DA5711B081}.Debug|iPhoneSimulator.ActiveCfg = Debug|Any CPU
		{21659E70-7430-41F9-BC76-49DA5711B081}.Debug|iPhoneSimulator.Build.0 = Debug|Any CPU
		{21659E70-7430-41F9-BC76-49DA5711B081}.Debug|x64.ActiveCfg = Debug|Any CPU
		{21659E70-7430-41F9-BC76-49DA5711B081}.Debug|x64.Build.0 = Debug|Any CPU
		{21659E70-7430-41F9-BC76-49DA5711B081}.Debug|x86.ActiveCfg = Debug|Any CPU
		{21659E70-7430-41F9-BC76-49DA5711B081}.Debug|x86.Build.0 = Debug|Any CPU
		{21659E70-7430-41F9-BC76-49DA5711B081}.Release|Any CPU.ActiveCfg = Release|Any CPU
		{21659E70-7430-41F9-BC76-49DA5711B081}.Release|Any CPU.Build.0 = Release|Any CPU
		{21659E70-7430-41F9-BC76-49DA5711B081}.Release|ARM.ActiveCfg = Release|Any CPU
		{21659E70-7430-41F9-BC76-49DA5711B081}.Release|ARM.Build.0 = Release|Any CPU
		{21659E70-7430-41F9-BC76-49DA5711B081}.Release|ARM64.ActiveCfg = Release|Any CPU
		{21659E70-7430-41F9-BC76-49DA5711B081}.Release|ARM64.Build.0 = Release|Any CPU
		{21659E70-7430-41F9-BC76-49DA5711B081}.Release|iPhone.ActiveCfg = Release|Any CPU
		{21659E70-7430-41F9-BC76-49DA5711B081}.Release|iPhone.Build.0 = Release|Any CPU
		{21659E70-7430-41F9-BC76-49DA5711B081}.Release|iPhoneSimulator.ActiveCfg = Release|Any CPU
		{21659E70-7430-41F9-BC76-49DA5711B081}.Release|iPhoneSimulator.Build.0 = Release|Any CPU
		{21659E70-7430-41F9-BC76-49DA5711B081}.Release|x64.ActiveCfg = Release|Any CPU
		{21659E70-7430-41F9-BC76-49DA5711B081}.Release|x64.Build.0 = Release|Any CPU
		{21659E70-7430-41F9-BC76-49DA5711B081}.Release|x86.ActiveCfg = Release|Any CPU
		{21659E70-7430-41F9-BC76-49DA5711B081}.Release|x86.Build.0 = Release|Any CPU
		{2EBFDAA2-429F-42AA-952A-3125221DB9B1}.Debug|Any CPU.ActiveCfg = Debug|x86
		{2EBFDAA2-429F-42AA-952A-3125221DB9B1}.Debug|Any CPU.Build.0 = Debug|x86
		{2EBFDAA2-429F-42AA-952A-3125221DB9B1}.Debug|ARM.ActiveCfg = Debug|ARM
		{2EBFDAA2-429F-42AA-952A-3125221DB9B1}.Debug|ARM.Build.0 = Debug|ARM
		{2EBFDAA2-429F-42AA-952A-3125221DB9B1}.Debug|ARM.Deploy.0 = Debug|ARM
		{2EBFDAA2-429F-42AA-952A-3125221DB9B1}.Debug|ARM64.ActiveCfg = Debug|ARM64
		{2EBFDAA2-429F-42AA-952A-3125221DB9B1}.Debug|ARM64.Build.0 = Debug|ARM64
		{2EBFDAA2-429F-42AA-952A-3125221DB9B1}.Debug|ARM64.Deploy.0 = Debug|ARM64
		{2EBFDAA2-429F-42AA-952A-3125221DB9B1}.Debug|iPhone.ActiveCfg = Debug|x86
		{2EBFDAA2-429F-42AA-952A-3125221DB9B1}.Debug|iPhoneSimulator.ActiveCfg = Debug|x86
		{2EBFDAA2-429F-42AA-952A-3125221DB9B1}.Debug|x64.ActiveCfg = Debug|x64
		{2EBFDAA2-429F-42AA-952A-3125221DB9B1}.Debug|x64.Build.0 = Debug|x64
		{2EBFDAA2-429F-42AA-952A-3125221DB9B1}.Debug|x64.Deploy.0 = Debug|x64
		{2EBFDAA2-429F-42AA-952A-3125221DB9B1}.Debug|x86.ActiveCfg = Debug|x86
		{2EBFDAA2-429F-42AA-952A-3125221DB9B1}.Debug|x86.Build.0 = Debug|x86
		{2EBFDAA2-429F-42AA-952A-3125221DB9B1}.Debug|x86.Deploy.0 = Debug|x86
		{2EBFDAA2-429F-42AA-952A-3125221DB9B1}.Release|Any CPU.ActiveCfg = Release|x86
		{2EBFDAA2-429F-42AA-952A-3125221DB9B1}.Release|ARM.ActiveCfg = Release|ARM
		{2EBFDAA2-429F-42AA-952A-3125221DB9B1}.Release|ARM.Build.0 = Release|ARM
		{2EBFDAA2-429F-42AA-952A-3125221DB9B1}.Release|ARM.Deploy.0 = Release|ARM
		{2EBFDAA2-429F-42AA-952A-3125221DB9B1}.Release|ARM64.ActiveCfg = Release|ARM64
		{2EBFDAA2-429F-42AA-952A-3125221DB9B1}.Release|ARM64.Build.0 = Release|ARM64
		{2EBFDAA2-429F-42AA-952A-3125221DB9B1}.Release|ARM64.Deploy.0 = Release|ARM64
		{2EBFDAA2-429F-42AA-952A-3125221DB9B1}.Release|iPhone.ActiveCfg = Release|x86
		{2EBFDAA2-429F-42AA-952A-3125221DB9B1}.Release|iPhoneSimulator.ActiveCfg = Release|x86
		{2EBFDAA2-429F-42AA-952A-3125221DB9B1}.Release|x64.ActiveCfg = Release|x64
		{2EBFDAA2-429F-42AA-952A-3125221DB9B1}.Release|x64.Build.0 = Release|x64
		{2EBFDAA2-429F-42AA-952A-3125221DB9B1}.Release|x64.Deploy.0 = Release|x64
		{2EBFDAA2-429F-42AA-952A-3125221DB9B1}.Release|x86.ActiveCfg = Release|x86
		{2EBFDAA2-429F-42AA-952A-3125221DB9B1}.Release|x86.Build.0 = Release|x86
		{2EBFDAA2-429F-42AA-952A-3125221DB9B1}.Release|x86.Deploy.0 = Release|x86
		{733F5EFB-47F6-4802-9565-4C407EBE45ED}.Debug|Any CPU.ActiveCfg = Debug|x86
		{733F5EFB-47F6-4802-9565-4C407EBE45ED}.Debug|Any CPU.Build.0 = Debug|x86
		{733F5EFB-47F6-4802-9565-4C407EBE45ED}.Debug|ARM.ActiveCfg = Debug|ARM
		{733F5EFB-47F6-4802-9565-4C407EBE45ED}.Debug|ARM.Build.0 = Debug|ARM
		{733F5EFB-47F6-4802-9565-4C407EBE45ED}.Debug|ARM.Deploy.0 = Debug|ARM
		{733F5EFB-47F6-4802-9565-4C407EBE45ED}.Debug|ARM64.ActiveCfg = Debug|x86
		{733F5EFB-47F6-4802-9565-4C407EBE45ED}.Debug|iPhone.ActiveCfg = Debug|x86
		{733F5EFB-47F6-4802-9565-4C407EBE45ED}.Debug|iPhoneSimulator.ActiveCfg = Debug|x86
		{733F5EFB-47F6-4802-9565-4C407EBE45ED}.Debug|x64.ActiveCfg = Debug|x64
		{733F5EFB-47F6-4802-9565-4C407EBE45ED}.Debug|x64.Build.0 = Debug|x64
		{733F5EFB-47F6-4802-9565-4C407EBE45ED}.Debug|x64.Deploy.0 = Debug|x64
		{733F5EFB-47F6-4802-9565-4C407EBE45ED}.Debug|x86.ActiveCfg = Debug|x86
		{733F5EFB-47F6-4802-9565-4C407EBE45ED}.Debug|x86.Build.0 = Debug|x86
		{733F5EFB-47F6-4802-9565-4C407EBE45ED}.Debug|x86.Deploy.0 = Debug|x86
		{733F5EFB-47F6-4802-9565-4C407EBE45ED}.Release|Any CPU.ActiveCfg = Release|x86
		{733F5EFB-47F6-4802-9565-4C407EBE45ED}.Release|ARM.ActiveCfg = Release|ARM
		{733F5EFB-47F6-4802-9565-4C407EBE45ED}.Release|ARM.Build.0 = Release|ARM
		{733F5EFB-47F6-4802-9565-4C407EBE45ED}.Release|ARM.Deploy.0 = Release|ARM
		{733F5EFB-47F6-4802-9565-4C407EBE45ED}.Release|ARM64.ActiveCfg = Release|x86
		{733F5EFB-47F6-4802-9565-4C407EBE45ED}.Release|iPhone.ActiveCfg = Release|x86
		{733F5EFB-47F6-4802-9565-4C407EBE45ED}.Release|iPhoneSimulator.ActiveCfg = Release|x86
		{733F5EFB-47F6-4802-9565-4C407EBE45ED}.Release|x64.ActiveCfg = Release|x64
		{733F5EFB-47F6-4802-9565-4C407EBE45ED}.Release|x64.Build.0 = Release|x64
		{733F5EFB-47F6-4802-9565-4C407EBE45ED}.Release|x64.Deploy.0 = Release|x64
		{733F5EFB-47F6-4802-9565-4C407EBE45ED}.Release|x86.ActiveCfg = Release|x86
		{733F5EFB-47F6-4802-9565-4C407EBE45ED}.Release|x86.Build.0 = Release|x86
		{733F5EFB-47F6-4802-9565-4C407EBE45ED}.Release|x86.Deploy.0 = Release|x86
		{DA3186BE-DE4C-4A3B-974B-25DC114247D8}.Debug|Any CPU.ActiveCfg = Debug|Any CPU
		{DA3186BE-DE4C-4A3B-974B-25DC114247D8}.Debug|Any CPU.Build.0 = Debug|Any CPU
		{DA3186BE-DE4C-4A3B-974B-25DC114247D8}.Debug|Any CPU.Deploy.0 = Debug|Any CPU
		{DA3186BE-DE4C-4A3B-974B-25DC114247D8}.Debug|ARM.ActiveCfg = Debug|Any CPU
		{DA3186BE-DE4C-4A3B-974B-25DC114247D8}.Debug|ARM.Build.0 = Debug|Any CPU
		{DA3186BE-DE4C-4A3B-974B-25DC114247D8}.Debug|ARM.Deploy.0 = Debug|Any CPU
		{DA3186BE-DE4C-4A3B-974B-25DC114247D8}.Debug|ARM64.ActiveCfg = Debug|Any CPU
		{DA3186BE-DE4C-4A3B-974B-25DC114247D8}.Debug|ARM64.Build.0 = Debug|Any CPU
		{DA3186BE-DE4C-4A3B-974B-25DC114247D8}.Debug|ARM64.Deploy.0 = Debug|Any CPU
		{DA3186BE-DE4C-4A3B-974B-25DC114247D8}.Debug|iPhone.ActiveCfg = Debug|Any CPU
		{DA3186BE-DE4C-4A3B-974B-25DC114247D8}.Debug|iPhone.Build.0 = Debug|Any CPU
		{DA3186BE-DE4C-4A3B-974B-25DC114247D8}.Debug|iPhone.Deploy.0 = Debug|Any CPU
		{DA3186BE-DE4C-4A3B-974B-25DC114247D8}.Debug|iPhoneSimulator.ActiveCfg = Debug|Any CPU
		{DA3186BE-DE4C-4A3B-974B-25DC114247D8}.Debug|iPhoneSimulator.Build.0 = Debug|Any CPU
		{DA3186BE-DE4C-4A3B-974B-25DC114247D8}.Debug|iPhoneSimulator.Deploy.0 = Debug|Any CPU
		{DA3186BE-DE4C-4A3B-974B-25DC114247D8}.Debug|x64.ActiveCfg = Debug|Any CPU
		{DA3186BE-DE4C-4A3B-974B-25DC114247D8}.Debug|x64.Build.0 = Debug|Any CPU
		{DA3186BE-DE4C-4A3B-974B-25DC114247D8}.Debug|x64.Deploy.0 = Debug|Any CPU
		{DA3186BE-DE4C-4A3B-974B-25DC114247D8}.Debug|x86.ActiveCfg = Debug|Any CPU
		{DA3186BE-DE4C-4A3B-974B-25DC114247D8}.Debug|x86.Build.0 = Debug|Any CPU
		{DA3186BE-DE4C-4A3B-974B-25DC114247D8}.Debug|x86.Deploy.0 = Debug|Any CPU
		{DA3186BE-DE4C-4A3B-974B-25DC114247D8}.Release|Any CPU.ActiveCfg = Release|Any CPU
		{DA3186BE-DE4C-4A3B-974B-25DC114247D8}.Release|Any CPU.Build.0 = Release|Any CPU
		{DA3186BE-DE4C-4A3B-974B-25DC114247D8}.Release|Any CPU.Deploy.0 = Release|Any CPU
		{DA3186BE-DE4C-4A3B-974B-25DC114247D8}.Release|ARM.ActiveCfg = Release|Any CPU
		{DA3186BE-DE4C-4A3B-974B-25DC114247D8}.Release|ARM.Build.0 = Release|Any CPU
		{DA3186BE-DE4C-4A3B-974B-25DC114247D8}.Release|ARM.Deploy.0 = Release|Any CPU
		{DA3186BE-DE4C-4A3B-974B-25DC114247D8}.Release|ARM64.ActiveCfg = Release|Any CPU
		{DA3186BE-DE4C-4A3B-974B-25DC114247D8}.Release|ARM64.Build.0 = Release|Any CPU
		{DA3186BE-DE4C-4A3B-974B-25DC114247D8}.Release|ARM64.Deploy.0 = Release|Any CPU
		{DA3186BE-DE4C-4A3B-974B-25DC114247D8}.Release|iPhone.ActiveCfg = Release|Any CPU
		{DA3186BE-DE4C-4A3B-974B-25DC114247D8}.Release|iPhone.Build.0 = Release|Any CPU
		{DA3186BE-DE4C-4A3B-974B-25DC114247D8}.Release|iPhone.Deploy.0 = Release|Any CPU
		{DA3186BE-DE4C-4A3B-974B-25DC114247D8}.Release|iPhoneSimulator.ActiveCfg = Release|Any CPU
		{DA3186BE-DE4C-4A3B-974B-25DC114247D8}.Release|iPhoneSimulator.Build.0 = Release|Any CPU
		{DA3186BE-DE4C-4A3B-974B-25DC114247D8}.Release|iPhoneSimulator.Deploy.0 = Release|Any CPU
		{DA3186BE-DE4C-4A3B-974B-25DC114247D8}.Release|x64.ActiveCfg = Release|Any CPU
		{DA3186BE-DE4C-4A3B-974B-25DC114247D8}.Release|x64.Build.0 = Release|Any CPU
		{DA3186BE-DE4C-4A3B-974B-25DC114247D8}.Release|x64.Deploy.0 = Release|Any CPU
		{DA3186BE-DE4C-4A3B-974B-25DC114247D8}.Release|x86.ActiveCfg = Release|Any CPU
		{DA3186BE-DE4C-4A3B-974B-25DC114247D8}.Release|x86.Build.0 = Release|Any CPU
		{DA3186BE-DE4C-4A3B-974B-25DC114247D8}.Release|x86.Deploy.0 = Release|Any CPU
		{8D96F86D-9E04-46A2-9B65-B55CD6CD63E5}.Debug|Any CPU.ActiveCfg = Debug|iPhoneSimulator
		{8D96F86D-9E04-46A2-9B65-B55CD6CD63E5}.Debug|ARM.ActiveCfg = Debug|iPhoneSimulator
		{8D96F86D-9E04-46A2-9B65-B55CD6CD63E5}.Debug|ARM64.ActiveCfg = Debug|iPhoneSimulator
		{8D96F86D-9E04-46A2-9B65-B55CD6CD63E5}.Debug|iPhone.ActiveCfg = Debug|iPhone
		{8D96F86D-9E04-46A2-9B65-B55CD6CD63E5}.Debug|iPhone.Build.0 = Debug|iPhone
		{8D96F86D-9E04-46A2-9B65-B55CD6CD63E5}.Debug|iPhoneSimulator.ActiveCfg = Debug|iPhoneSimulator
		{8D96F86D-9E04-46A2-9B65-B55CD6CD63E5}.Debug|iPhoneSimulator.Build.0 = Debug|iPhoneSimulator
		{8D96F86D-9E04-46A2-9B65-B55CD6CD63E5}.Debug|x64.ActiveCfg = Debug|iPhoneSimulator
		{8D96F86D-9E04-46A2-9B65-B55CD6CD63E5}.Debug|x86.ActiveCfg = Debug|iPhoneSimulator
		{8D96F86D-9E04-46A2-9B65-B55CD6CD63E5}.Release|Any CPU.ActiveCfg = Release|iPhoneSimulator
		{8D96F86D-9E04-46A2-9B65-B55CD6CD63E5}.Release|ARM.ActiveCfg = Release|iPhoneSimulator
		{8D96F86D-9E04-46A2-9B65-B55CD6CD63E5}.Release|ARM64.ActiveCfg = Release|iPhoneSimulator
		{8D96F86D-9E04-46A2-9B65-B55CD6CD63E5}.Release|iPhone.ActiveCfg = Release|iPhone
		{8D96F86D-9E04-46A2-9B65-B55CD6CD63E5}.Release|iPhone.Build.0 = Release|iPhone
		{8D96F86D-9E04-46A2-9B65-B55CD6CD63E5}.Release|iPhoneSimulator.ActiveCfg = Release|iPhoneSimulator
		{8D96F86D-9E04-46A2-9B65-B55CD6CD63E5}.Release|iPhoneSimulator.Build.0 = Release|iPhoneSimulator
		{8D96F86D-9E04-46A2-9B65-B55CD6CD63E5}.Release|x64.ActiveCfg = Release|iPhoneSimulator
		{8D96F86D-9E04-46A2-9B65-B55CD6CD63E5}.Release|x86.ActiveCfg = Release|iPhoneSimulator
		{FD0C880D-2503-473B-9BE3-097F44E528E4}.Debug|Any CPU.ActiveCfg = Debug|Any CPU
		{FD0C880D-2503-473B-9BE3-097F44E528E4}.Debug|Any CPU.Build.0 = Debug|Any CPU
		{FD0C880D-2503-473B-9BE3-097F44E528E4}.Debug|ARM.ActiveCfg = Debug|Any CPU
		{FD0C880D-2503-473B-9BE3-097F44E528E4}.Debug|ARM.Build.0 = Debug|Any CPU
		{FD0C880D-2503-473B-9BE3-097F44E528E4}.Debug|ARM64.ActiveCfg = Debug|Any CPU
		{FD0C880D-2503-473B-9BE3-097F44E528E4}.Debug|ARM64.Build.0 = Debug|Any CPU
		{FD0C880D-2503-473B-9BE3-097F44E528E4}.Debug|iPhone.ActiveCfg = Debug|Any CPU
		{FD0C880D-2503-473B-9BE3-097F44E528E4}.Debug|iPhone.Build.0 = Debug|Any CPU
		{FD0C880D-2503-473B-9BE3-097F44E528E4}.Debug|iPhoneSimulator.ActiveCfg = Debug|Any CPU
		{FD0C880D-2503-473B-9BE3-097F44E528E4}.Debug|iPhoneSimulator.Build.0 = Debug|Any CPU
		{FD0C880D-2503-473B-9BE3-097F44E528E4}.Debug|x64.ActiveCfg = Debug|Any CPU
		{FD0C880D-2503-473B-9BE3-097F44E528E4}.Debug|x64.Build.0 = Debug|Any CPU
		{FD0C880D-2503-473B-9BE3-097F44E528E4}.Debug|x86.ActiveCfg = Debug|Any CPU
		{FD0C880D-2503-473B-9BE3-097F44E528E4}.Debug|x86.Build.0 = Debug|Any CPU
		{FD0C880D-2503-473B-9BE3-097F44E528E4}.Release|Any CPU.ActiveCfg = Release|Any CPU
		{FD0C880D-2503-473B-9BE3-097F44E528E4}.Release|Any CPU.Build.0 = Release|Any CPU
		{FD0C880D-2503-473B-9BE3-097F44E528E4}.Release|ARM.ActiveCfg = Release|Any CPU
		{FD0C880D-2503-473B-9BE3-097F44E528E4}.Release|ARM.Build.0 = Release|Any CPU
		{FD0C880D-2503-473B-9BE3-097F44E528E4}.Release|ARM64.ActiveCfg = Release|Any CPU
		{FD0C880D-2503-473B-9BE3-097F44E528E4}.Release|ARM64.Build.0 = Release|Any CPU
		{FD0C880D-2503-473B-9BE3-097F44E528E4}.Release|iPhone.ActiveCfg = Release|Any CPU
		{FD0C880D-2503-473B-9BE3-097F44E528E4}.Release|iPhone.Build.0 = Release|Any CPU
		{FD0C880D-2503-473B-9BE3-097F44E528E4}.Release|iPhoneSimulator.ActiveCfg = Release|Any CPU
		{FD0C880D-2503-473B-9BE3-097F44E528E4}.Release|iPhoneSimulator.Build.0 = Release|Any CPU
		{FD0C880D-2503-473B-9BE3-097F44E528E4}.Release|x64.ActiveCfg = Release|Any CPU
		{FD0C880D-2503-473B-9BE3-097F44E528E4}.Release|x64.Build.0 = Release|Any CPU
		{FD0C880D-2503-473B-9BE3-097F44E528E4}.Release|x86.ActiveCfg = Release|Any CPU
		{FD0C880D-2503-473B-9BE3-097F44E528E4}.Release|x86.Build.0 = Release|Any CPU
	EndGlobalSection
	GlobalSection(SolutionProperties) = preSolution
		HideSolutionNode = FALSE
	EndGlobalSection
	GlobalSection(ExtensibilityGlobals) = postSolution
		SolutionGuid = {EE8627E5-5BBD-491D-835D-7DE18A31F0A0}
	EndGlobalSection
EndGlobal
